
Microsoft Visual Studio Solution File, Format Version 12.00
# Visual Studio 15
VisualStudioVersion = 15.0.25807.0
MinimumVisualStudioVersion = 10.0.40219.1
Project("{2150E333-8FDC-42A3-9474-1A3956D46DE8}") = "Engine", "Engine", "{78F49519-F063-4EB9-9312-984A6626832B}"
EndProject
Project("{2150E333-8FDC-42A3-9474-1A3956D46DE8}") = "Games", "Games", "{43FFA48A-F081-478D-A00D-06166230F1AB}"
EndProject
Project("{8BC9CEB8-8B4A-11D0-8D11-00A0C91BC942}") = "UE4", "Intermediate\ProjectFiles\UE4.vcxproj", "{8BF6A783-12EF-4E38-BBBB-9227812F4D5E}"
EndProject
Project("{8BC9CEB8-8B4A-11D0-8D11-00A0C91BC942}") = "Curvature", "Intermediate\ProjectFiles\Curvature.vcxproj", "{55BE963A-D430-4343-B4EA-632CE1402D52}"
EndProject
Global
	GlobalSection(SolutionConfigurationPlatforms) = preSolution
		DebugGame Editor|Win32 = DebugGame Editor|Win32
		DebugGame Editor|Win64 = DebugGame Editor|Win64
		DebugGame|Win32 = DebugGame|Win32
		DebugGame|Win64 = DebugGame|Win64
		Development Editor|Win32 = Development Editor|Win32
		Development Editor|Win64 = Development Editor|Win64
		Development|Win32 = Development|Win32
		Development|Win64 = Development|Win64
		Shipping|Win32 = Shipping|Win32
		Shipping|Win64 = Shipping|Win64
	EndGlobalSection
	GlobalSection(ProjectConfigurationPlatforms) = postSolution
		{8BF6A783-12EF-4E38-BBBB-9227812F4D5E}.DebugGame Editor|Win32.ActiveCfg = BuiltWithUnrealBuildTool|Win32
		{8BF6A783-12EF-4E38-BBBB-9227812F4D5E}.DebugGame Editor|Win32.Build.0 = BuiltWithUnrealBuildTool|Win32
		{8BF6A783-12EF-4E38-BBBB-9227812F4D5E}.DebugGame Editor|Win64.ActiveCfg = BuiltWithUnrealBuildTool|Win32
		{8BF6A783-12EF-4E38-BBBB-9227812F4D5E}.DebugGame Editor|Win64.Build.0 = BuiltWithUnrealBuildTool|Win32
		{8BF6A783-12EF-4E38-BBBB-9227812F4D5E}.DebugGame|Win32.ActiveCfg = BuiltWithUnrealBuildTool|Win32
		{8BF6A783-12EF-4E38-BBBB-9227812F4D5E}.DebugGame|Win32.Build.0 = BuiltWithUnrealBuildTool|Win32
		{8BF6A783-12EF-4E38-BBBB-9227812F4D5E}.DebugGame|Win64.ActiveCfg = BuiltWithUnrealBuildTool|Win32
		{8BF6A783-12EF-4E38-BBBB-9227812F4D5E}.DebugGame|Win64.Build.0 = BuiltWithUnrealBuildTool|Win32
		{8BF6A783-12EF-4E38-BBBB-9227812F4D5E}.Development Editor|Win32.ActiveCfg = BuiltWithUnrealBuildTool|Win32
		{8BF6A783-12EF-4E38-BBBB-9227812F4D5E}.Development Editor|Win32.Build.0 = BuiltWithUnrealBuildTool|Win32
		{8BF6A783-12EF-4E38-BBBB-9227812F4D5E}.Development Editor|Win64.ActiveCfg = BuiltWithUnrealBuildTool|Win32
		{8BF6A783-12EF-4E38-BBBB-9227812F4D5E}.Development Editor|Win64.Build.0 = BuiltWithUnrealBuildTool|Win32
		{8BF6A783-12EF-4E38-BBBB-9227812F4D5E}.Development|Win32.ActiveCfg = BuiltWithUnrealBuildTool|Win32
		{8BF6A783-12EF-4E38-BBBB-9227812F4D5E}.Development|Win32.Build.0 = BuiltWithUnrealBuildTool|Win32
		{8BF6A783-12EF-4E38-BBBB-9227812F4D5E}.Development|Win64.ActiveCfg = BuiltWithUnrealBuildTool|Win32
		{8BF6A783-12EF-4E38-BBBB-9227812F4D5E}.Development|Win64.Build.0 = BuiltWithUnrealBuildTool|Win32
		{8BF6A783-12EF-4E38-BBBB-9227812F4D5E}.Shipping|Win32.ActiveCfg = BuiltWithUnrealBuildTool|Win32
		{8BF6A783-12EF-4E38-BBBB-9227812F4D5E}.Shipping|Win32.Build.0 = BuiltWithUnrealBuildTool|Win32
		{8BF6A783-12EF-4E38-BBBB-9227812F4D5E}.Shipping|Win64.ActiveCfg = BuiltWithUnrealBuildTool|Win32
		{8BF6A783-12EF-4E38-BBBB-9227812F4D5E}.Shipping|Win64.Build.0 = BuiltWithUnrealBuildTool|Win32
		{55BE963A-D430-4343-B4EA-632CE1402D52}.DebugGame Editor|Win32.ActiveCfg = DebugGame_Editor|Win32
		{55BE963A-D430-4343-B4EA-632CE1402D52}.DebugGame Editor|Win64.ActiveCfg = DebugGame_Editor|x64
		{55BE963A-D430-4343-B4EA-632CE1402D52}.DebugGame Editor|Win64.Build.0 = DebugGame_Editor|x64
		{55BE963A-D430-4343-B4EA-632CE1402D52}.DebugGame|Win32.ActiveCfg = DebugGame_Game|Win32
		{55BE963A-D430-4343-B4EA-632CE1402D52}.DebugGame|Win32.Build.0 = DebugGame_Game|Win32
		{55BE963A-D430-4343-B4EA-632CE1402D52}.DebugGame|Win64.ActiveCfg = DebugGame_Game|x64
		{55BE963A-D430-4343-B4EA-632CE1402D52}.DebugGame|Win64.Build.0 = DebugGame_Game|x64
		{55BE963A-D430-4343-B4EA-632CE1402D52}.Development Editor|Win32.ActiveCfg = Development_Editor|Win32
		{55BE963A-D430-4343-B4EA-632CE1402D52}.Development Editor|Win64.ActiveCfg = Development_Editor|x64
		{55BE963A-D430-4343-B4EA-632CE1402D52}.Development Editor|Win64.Build.0 = Development_Editor|x64
		{55BE963A-D430-4343-B4EA-632CE1402D52}.Development|Win32.ActiveCfg = Development_Game|Win32
		{55BE963A-D430-4343-B4EA-632CE1402D52}.Development|Win32.Build.0 = Development_Game|Win32
		{55BE963A-D430-4343-B4EA-632CE1402D52}.Development|Win64.ActiveCfg = Development_Game|x64
		{55BE963A-D430-4343-B4EA-632CE1402D52}.Development|Win64.Build.0 = Development_Game|x64
		{55BE963A-D430-4343-B4EA-632CE1402D52}.Shipping|Win32.ActiveCfg = Shipping_Game|Win32
		{55BE963A-D430-4343-B4EA-632CE1402D52}.Shipping|Win32.Build.0 = Shipping_Game|Win32
		{55BE963A-D430-4343-B4EA-632CE1402D52}.Shipping|Win64.ActiveCfg = Shipping_Game|x64
		{55BE963A-D430-4343-B4EA-632CE1402D52}.Shipping|Win64.Build.0 = Shipping_Game|x64
	EndGlobalSection
	GlobalSection(SolutionProperties) = preSolution
		HideSolutionNode = FALSE
	EndGlobalSection
	GlobalSection(NestedProjects) = preSolution
		{8BF6A783-12EF-4E38-BBBB-9227812F4D5E} = {78F49519-F063-4EB9-9312-984A6626832B}
		{55BE963A-D430-4343-B4EA-632CE1402D52} = {43FFA48A-F081-478D-A00D-06166230F1AB}
	EndGlobalSection
	GlobalSection(ExtensibilityGlobals) = postSolution
		SolutionGuid = {A2499DAE-30B9-4088-86F4-C567DF37D469}
	EndGlobalSection
EndGlobal
